
Microsoft Visual Studio Solution File, Format Version 11.00
# Visual C++ Express 2010
Project("{8BC9CEB8-8B4A-11D0-8D11-00A0C91BC942}") = "abifProject", "abifProject.vcxproj", "{9B5CD35F-6BC4-4DE7-A6B2-AA1F3A3600BE}"
EndProject
Global
	GlobalSection(SolutionConfigurationPlatforms) = preSolution
		Debug|Win32 = Debug|Win32
		Release|Win32 = Release|Win32
	EndGlobalSection
	GlobalSection(ProjectConfigurationPlatforms) = postSolution
		{9B5CD35F-6BC4-4DE7-A6B2-AA1F3A3600BE}.Debug|Win32.ActiveCfg = Debug|Win32
		{9B5CD35F-6BC4-4DE7-A6B2-AA1F3A3600BE}.Debug|Win32.Build.0 = Debug|Win32
		{9B5CD35F-6BC4-4DE7-A6B2-AA1F3A3600BE}.Release|Win32.ActiveCfg = Release|Win32
		{9B5CD35F-6BC4-4DE7-A6B2-AA1F3A3600BE}.Release|Win32.Build.0 = Release|Win32
	EndGlobalSection
	GlobalSection(SolutionProperties) = preSolution
		HideSolutionNode = FALSE
	EndGlobalSection
EndGlobal
